// !$*UTF8*$!
{
	archiveVersion = 1;
	classes = {
	};
	objectVersion = 46;
	objects = {

/* Begin PBXBuildFile section */
		812FC36D1F11678F00A57015 /* Blank.png in Resources */ = {isa = PBXBuildFile; fileRef = 812FC36C1F11678F00A57015 /* Blank.png */; };
		816591DA1F10CE9E00D8C15E /* AppDelegate.swift in Sources */ = {isa = PBXBuildFile; fileRef = 816591D91F10CE9E00D8C15E /* AppDelegate.swift */; };
		816591DC1F10CE9E00D8C15E /* ViewController.swift in Sources */ = {isa = PBXBuildFile; fileRef = 816591DB1F10CE9E00D8C15E /* ViewController.swift */; };
		816591DF1F10CE9E00D8C15E /* Main.storyboard in Resources */ = {isa = PBXBuildFile; fileRef = 816591DD1F10CE9E00D8C15E /* Main.storyboard */; };
		816591E11F10CE9E00D8C15E /* Assets.xcassets in Resources */ = {isa = PBXBuildFile; fileRef = 816591E01F10CE9E00D8C15E /* Assets.xcassets */; };
		816591E41F10CE9E00D8C15E /* LaunchScreen.storyboard in Resources */ = {isa = PBXBuildFile; fileRef = 816591E21F10CE9E00D8C15E /* LaunchScreen.storyboard */; };
		816591EC1F10D02000D8C15E /* PhotoDetailViewController.swift in Sources */ = {isa = PBXBuildFile; fileRef = 816591EB1F10D02000D8C15E /* PhotoDetailViewController.swift */; };
		816591EE1F10D05400D8C15E /* PhotoTableViewCell.swift in Sources */ = {isa = PBXBuildFile; fileRef = 816591ED1F10D05400D8C15E /* PhotoTableViewCell.swift */; };
/* End PBXBuildFile section */

/* Begin PBXFileReference section */
		812FC36C1F11678F00A57015 /* Blank.png */ = {isa = PBXFileReference; lastKnownFileType = image.png; path = Blank.png; sourceTree = "<group>"; };
		816591D61F10CE9E00D8C15E /* Flickr.app */ = {isa = PBXFileReference; explicitFileType = wrapper.application; includeInIndex = 0; path = Flickr.app; sourceTree = BUILT_PRODUCTS_DIR; };
		816591D91F10CE9E00D8C15E /* AppDelegate.swift */ = {isa = PBXFileReference; lastKnownFileType = sourcecode.swift; path = AppDelegate.swift; sourceTree = "<group>"; };
		816591DB1F10CE9E00D8C15E /* ViewController.swift */ = {isa = PBXFileReference; lastKnownFileType = sourcecode.swift; path = ViewController.swift; sourceTree = "<group>"; };
		816591DE1F10CE9E00D8C15E /* Base */ = {isa = PBXFileReference; lastKnownFileType = file.storyboard; name = Base; path = Base.lproj/Main.storyboard; sourceTree = "<group>"; };
		816591E01F10CE9E00D8C15E /* Assets.xcassets */ = {isa = PBXFileReference; lastKnownFileType = folder.assetcatalog; path = Assets.xcassets; sourceTree = "<group>"; };
		816591E31F10CE9E00D8C15E /* Base */ = {isa = PBXFileReference; lastKnownFileType = file.storyboard; name = Base; path = Base.lproj/LaunchScreen.storyboard; sourceTree = "<group>"; };
		816591E51F10CE9E00D8C15E /* Info.plist */ = {isa = PBXFileReference; lastKnownFileType = text.plist.xml; path = Info.plist; sourceTree = "<group>"; };
		816591EB1F10D02000D8C15E /* PhotoDetailViewController.swift */ = {isa = PBXFileReference; fileEncoding = 4; lastKnownFileType = sourcecode.swift; path = PhotoDetailViewController.swift; sourceTree = "<group>"; };
		816591ED1F10D05400D8C15E /* PhotoTableViewCell.swift */ = {isa = PBXFileReference; fileEncoding = 4; lastKnownFileType = sourcecode.swift; path = PhotoTableViewCell.swift; sourceTree = "<group>"; };
/* End PBXFileReference section */

/* Begin PBXFrameworksBuildPhase section */
		816591D31F10CE9E00D8C15E /* Frameworks */ = {
			isa = PBXFrameworksBuildPhase;
			buildActionMask = 2147483647;
			files = (
			);
			runOnlyForDeploymentPostprocessing = 0;
		};
/* End PBXFrameworksBuildPhase section */

/* Begin PBXGroup section */
		816591CD1F10CE9E00D8C15E = {
			isa = PBXGroup;
			children = (
				816591D81F10CE9E00D8C15E /* Flickr */,
				816591D71F10CE9E00D8C15E /* Products */,
			);
			sourceTree = "<group>";
		};
		816591D71F10CE9E00D8C15E /* Products */ = {
			isa = PBXGroup;
			children = (
				816591D61F10CE9E00D8C15E /* Flickr.app */,
			);
			name = Products;
			sourceTree = "<group>";
		};
		816591D81F10CE9E00D8C15E /* Flickr */ = {
			isa = PBXGroup;
			children = (
				816591D91F10CE9E00D8C15E /* AppDelegate.swift */,
				816591DB1F10CE9E00D8C15E /* ViewController.swift */,
				816591EB1F10D02000D8C15E /* PhotoDetailViewController.swift */,
				816591ED1F10D05400D8C15E /* PhotoTableViewCell.swift */,
				816591DD1F10CE9E00D8C15E /* Main.storyboard */,
				816591E01F10CE9E00D8C15E /* Assets.xcassets */,
				812FC36C1F11678F00A57015 /* Blank.png */,
				816591E21F10CE9E00D8C15E /* LaunchScreen.storyboard */,
				816591E51F10CE9E00D8C15E /* Info.plist */,
			);
			path = Flickr;
			sourceTree = "<group>";
		};
/* End PBXGroup section */

/* Begin PBXNativeTarget section */
		816591D51F10CE9E00D8C15E /* Flickr */ = {
			isa = PBXNativeTarget;
			buildConfigurationList = 816591E81F10CE9E00D8C15E /* Build configuration list for PBXNativeTarget "Flickr" */;
			buildPhases = (
				816591D21F10CE9E00D8C15E /* Sources */,
				816591D31F10CE9E00D8C15E /* Frameworks */,
				816591D41F10CE9E00D8C15E /* Resources */,
			);
			buildRules = (
			);
			dependencies = (
			);
			name = Flickr;
			productName = Flickr;
			productReference = 816591D61F10CE9E00D8C15E /* Flickr.app */;
			productType = "com.apple.product-type.application";
		};
/* End PBXNativeTarget section */

/* Begin PBXProject section */
		816591CE1F10CE9E00D8C15E /* Project object */ = {
			isa = PBXProject;
			attributes = {
				LastSwiftUpdateCheck = 0830;
				LastUpgradeCheck = 0830;
				ORGANIZATIONNAME = "Ebru Kaya";
				TargetAttributes = {
					816591D51F10CE9E00D8C15E = {
						CreatedOnToolsVersion = 8.3.3;
						DevelopmentTeam = 333DV8TA2K;
						ProvisioningStyle = Automatic;
					};
				};
			};
			buildConfigurationList = 816591D11F10CE9E00D8C15E /* Build configuration list for PBXProject "Flickr" */;
			compatibilityVersion = "Xcode 3.2";
			developmentRegion = English;
			hasScannedForEncodings = 0;
			knownRegions = (
				en,
				Base,
			);
			mainGroup = 816591CD1F10CE9E00D8C15E;
			productRefGroup = 816591D71F10CE9E00D8C15E /* Products */;
			projectDirPath = "";
			projectRoot = "";
			targets = (
				816591D51F10CE9E00D8C15E /* Flickr */,
			);
		};
/* End PBXProject section */

/* Begin PBXResourcesBuildPhase section */
		816591D41F10CE9E00D8C15E /* Resources */ = {
			isa = PBXResourcesBuildPhase;
			buildActionMask = 2147483647;
			files = (
				812FC36D1F11678F00A57015 /* Blank.png in Resources */,
				816591E41F10CE9E00D8C15E /* LaunchScreen.storyboard in Resources */,
				816591E11F10CE9E00D8C15E /* Assets.xcassets in Resources */,
				816591DF1F10CE9E00D8C15E /* Main.storyboard in Resources */,
			);
			runOnlyForDeploymentPostprocessing = 0;
		};
/* End PBXResourcesBuildPhase section */

/* Begin PBXSourcesBuildPhase section */
		816591D21F10CE9E00D8C15E /* Sources */ = {
			isa = PBXSourcesBuildPhase;
			buildActionMask = 2147483647;
			files = (
				816591EE1F10D05400D8C15E /* PhotoTableViewCell.swift in Sources */,
				816591EC1F10D02000D8C15E /* PhotoDetailViewController.swift in Sources */,
				816591DC1F10CE9E00D8C15E /* ViewController.swift in Sources */,
				816591DA1F10CE9E00D8C15E /* AppDelegate.swift in Sources */,
			);
			runOnlyForDeploymentPostprocessing = 0;
		};
/* End PBXSourcesBuildPhase section */

/* Begin PBXVariantGroup section */
		816591DD1F10CE9E00D8C15E /* Main.storyboard */ = {
			isa = PBXVariantGroup;
			children = (
				816591DE1F10CE9E00D8C15E /* Base */,
			);
			name = Main.storyboard;
			sourceTree = "<group>";
		};
		816591E21F10CE9E00D8C15E /* LaunchScreen.storyboard */ = {
			isa = PBXVariantGroup;
			children = (
				816591E31F10CE9E00D8C15E /* Base */,
			);
			name = LaunchScreen.storyboard;
			sourceTree = "<group>";
		};
/* End PBXVariantGroup section */

/* Begin XCBuildConfiguration section */
		816591E61F10CE9E00D8C15E /* Debug */ = {
			isa = XCBuildConfiguration;
			buildSettings = {
				ALWAYS_SEARCH_USER_PATHS = NO;
				CLANG_ANALYZER_NONNULL = YES;
				CLANG_ANALYZER_NUMBER_OBJECT_CONVERSION = YES_AGGRESSIVE;
				CLANG_CXX_LANGUAGE_STANDARD = "gnu++0x";
				CLANG_CXX_LIBRARY = "libc++";
				CLANG_ENABLE_MODULES = YES;
				CLANG_ENABLE_OBJC_ARC = YES;
				CLANG_WARN_BOOL_CONVERSION = YES;
				CLANG_WARN_CONSTANT_CONVERSION = YES;
				CLANG_WARN_DIRECT_OBJC_ISA_USAGE = YES_ERROR;
				CLANG_WARN_DOCUMENTATION_COMMENTS = YES;
				CLANG_WARN_EMPTY_BODY = YES;
				CLANG_WARN_ENUM_CONVERSION = YES;
				CLANG_WARN_INFINITE_RECURSION = YES;
				CLANG_WARN_INT_CONVERSION = YES;
				CLANG_WARN_OBJC_ROOT_CLASS = YES_ERROR;
				CLANG_WARN_SUSPICIOUS_MOVE = YES;
				CLANG_WARN_UNREACHABLE_CODE = YES;
				CLANG_WARN__DUPLICATE_METHOD_MATCH = YES;
				"CODE_SIGN_IDENTITY[sdk=iphoneos*]" = "iPhone Developer";
				COPY_PHASE_STRIP = NO;
				DEBUG_INFORMATION_FORMAT = dwarf;
				ENABLE_STRICT_OBJC_MSGSEND = YES;
				ENABLE_TESTABILITY = YES;
				GCC_C_LANGUAGE_STANDARD = gnu99;
				GCC_DYNAMIC_NO_PIC = NO;
				GCC_NO_COMMON_BLOCKS = YES;
				GCC_OPTIMIZATION_LEVEL = 0;
				GCC_PREPROCESSOR_DEFINITIONS = (
					"DEBUG=1",
					"$(inherited)",
				);
				GCC_WARN_64_TO_32_BIT_CONVERSION = YES;
				GCC_WARN_ABOUT_RETURN_TYPE = YES_ERROR;
				GCC_WARN_UNDECLARED_SELECTOR = YES;
				GCC_WARN_UNINITIALIZED_AUTOS = YES_AGGRESSIVE;
				GCC_WARN_UNUSED_FUNCTION = YES;
				GCC_WARN_UNUSED_VARIABLE = YES;
				IPHONEOS_DEPLOYMENT_TARGET = 10.3;
				MTL_ENABLE_DEBUG_INFO = YES;
				ONLY_ACTIVE_ARCH = YES;
				SDKROOT = iphoneos;
				SWIFT_ACTIVE_COMPILATION_CONDITIONS = DEBUG;
				SWIFT_OPTIMIZATION_LEVEL = "-Onone";
			};
			name = Debug;
		};
		816591E71F10CE9E00D8C15E /* Release */ = {
			isa = XCBuildConfiguration;
			buildSettings = {
				ALWAYS_SEARCH_USER_PATHS = NO;
				CLANG_ANALYZER_NONNULL = YES;
				CLANG_ANALYZER_NUMBER_OBJECT_CONVERSION = YES_AGGRESSIVE;
				CLANG_CXX_LANGUAGE_STANDARD = "gnu++0x";
				CLANG_CXX_LIBRARY = "libc++";
				CLANG_ENABLE_MODULES = YES;
				CLANG_ENABLE_OBJC_ARC = YES;
				CLANG_WARN_BOOL_CONVERSION = YES;
				CLANG_WARN_CONSTANT_CONVERSION = YES;
				CLANG_WARN_DIRECT_OBJC_ISA_USAGE = YES_ERROR;
				CLANG_WARN_DOCUMENTATION_COMMENTS = YES;
				CLANG_WARN_EMPTY_BODY = YES;
				CLANG_WARN_ENUM_CONVERSION = YES;
				CLANG_WARN_INFINITE_RECURSION = YES;
				CLANG_WARN_INT_CONVERSION = YES;
				CLANG_WARN_OBJC_ROOT_CLASS = YES_ERROR;
				CLANG_WARN_SUSPICIOUS_MOVE = YES;
				CLANG_WARN_UNREACHABLE_CODE = YES;
				CLANG_WARN__DUPLICATE_METHOD_MATCH = YES;
				"CODE_SIGN_IDENTITY[sdk=iphoneos*]" = "iPhone Developer";
				COPY_PHASE_STRIP = NO;
				DEBUG_INFORMATION_FORMAT = "dwarf-with-dsym";
				ENABLE_NS_ASSERTIONS = NO;
				ENABLE_STRICT_OBJC_MSGSEND = YES;
				GCC_C_LANGUAGE_STANDARD = gnu99;
				GCC_NO_COMMON_BLOCKS = YES;
				GCC_WARN_64_TO_32_BIT_CONVERSION = YES;
				GCC_WARN_ABOUT_RETURN_TYPE = YES_ERROR;
				GCC_WARN_UNDECLARED_SELECTOR = YES;
				GCC_WARN_UNINITIALIZED_AUTOS = YES_AGGRESSIVE;
				GCC_WARN_UNUSED_FUNCTION = YES;
				GCC_WARN_UNUSED_VARIABLE = YES;
				IPHONEOS_DEPLOYMENT_TARGET = 10.3;
				MTL_ENABLE_DEBUG_INFO = NO;
				SDKROOT = iphoneos;
				SWIFT_OPTIMIZATION_LEVEL = "-Owholemodule";
				VALIDATE_PRODUCT = YES;
			};
			name = Release;
		};
		816591E91F10CE9E00D8C15E /* Debug */ = {
			isa = XCBuildConfiguration;
			buildSettings = {
				ASSETCATALOG_COMPILER_APPICON_NAME = AppIcon;
				DEVELOPMENT_TEAM = 333DV8TA2K;
				INFOPLIST_FILE = Flickr/Info.plist;
				LD_RUNPATH_SEARCH_PATHS = "$(inherited) @executable_path/Frameworks";
				PRODUCT_BUNDLE_IDENTIFIER = com.ebrukaya.Flickr;
				PRODUCT_NAME = "$(TARGET_NAME)";
				SWIFT_VERSION = 3.0;
			};
			name = Debug;
		};
		816591EA1F10CE9E00D8C15E /* Release */ = {
			isa = XCBuildConfiguration;
			buildSettings = {
				ASSETCATALOG_COMPILER_APPICON_NAME = AppIcon;
				DEVELOPMENT_TEAM = 333DV8TA2K;
				INFOPLIST_FILE = Flickr/Info.plist;
				LD_RUNPATH_SEARCH_PATHS = "$(inherited) @executable_path/Frameworks";
				PRODUCT_BUNDLE_IDENTIFIER = com.ebrukaya.Flickr;
				PRODUCT_NAME = "$(TARGET_NAME)";
				SWIFT_VERSION = 3.0;
			};
			name = Release;
		};
/* End XCBuildConfiguration section */

/* Begin XCConfigurationList section */
		816591D11F10CE9E00D8C15E /* Build configuration list for PBXProject "Flickr" */ = {
			isa = XCConfigurationList;
			buildConfigurations = (
				816591E61F10CE9E00D8C15E /* Debug */,
				816591E71F10CE9E00D8C15E /* Release */,
			);
			defaultConfigurationIsVisible = 0;
			defaultConfigurationName = Release;
		};
		816591E81F10CE9E00D8C15E /* Build configuration list for PBXNativeTarget "Flickr" */ = {
			isa = XCConfigurationList;
			buildConfigurations = (
				816591E91F10CE9E00D8C15E /* Debug */,
				816591EA1F10CE9E00D8C15E /* Release */,
			);
			defaultConfigurationIsVisible = 0;
			defaultConfigurationName = Release;
		};
/* End XCConfigurationList section */
	};
	rootObject = 816591CE1F10CE9E00D8C15E /* Project object */;
}
